
Microsoft Visual Studio Solution File, Format Version 12.00
# Visual Studio Version 16
VisualStudioVersion = 16.0.28315.86
MinimumVisualStudioVersion = 10.0.40219.1
Project("{2150E333-8FDC-42A3-9474-1A3956D46DE8}") = "Engine", "Engine", "{C5E8D114-DB59-45EA-B633-ED8E47DD05CC}"
EndProject
Project("{2150E333-8FDC-42A3-9474-1A3956D46DE8}") = "Games", "Games", "{260309DF-C864-43D1-84AF-2EF6E1C0BB69}"
EndProject
Project("{8BC9CEB8-8B4A-11D0-8D11-00A0C91BC942}") = "UE4", "Intermediate\ProjectFiles\UE4.vcxproj", "{9C143F1A-4618-4271-A8E9-6952683E8AFB}"
EndProject
Project("{8BC9CEB8-8B4A-11D0-8D11-00A0C91BC942}") = "BountyHunter", "Intermediate\ProjectFiles\BountyHunter.vcxproj", "{81B8AE6C-7F8C-4090-92B8-1F1BBA5D45D7}"
EndProject
Project("{2150E333-8FDC-42A3-9474-1A3956D46DE8}") = "Visualizers", "Visualizers", "{80C53162-C3C9-43CA-8AAE-87C2E82B5CFC}"
	ProjectSection(SolutionItems) = preProject
		..\..\Programas\EpicGames\UE_4.24\Engine\Extras\VisualStudioDebugging\UE4.natvis = ..\..\Programas\EpicGames\UE_4.24\Engine\Extras\VisualStudioDebugging\UE4.natvis
	EndProjectSection
EndProject
Global
	GlobalSection(SolutionConfigurationPlatforms) = preSolution
		DebugGame Editor|Win32 = DebugGame Editor|Win32
		DebugGame Editor|Win64 = DebugGame Editor|Win64
		DebugGame|Win32 = DebugGame|Win32
		DebugGame|Win64 = DebugGame|Win64
		Development Editor|Win32 = Development Editor|Win32
		Development Editor|Win64 = Development Editor|Win64
		Development|Win32 = Development|Win32
		Development|Win64 = Development|Win64
		Shipping|Win32 = Shipping|Win32
		Shipping|Win64 = Shipping|Win64
	EndGlobalSection
	GlobalSection(ProjectConfigurationPlatforms) = postSolution
		{9C143F1A-4618-4271-A8E9-6952683E8AFB}.DebugGame Editor|Win32.ActiveCfg = BuiltWithUnrealBuildTool|Win32
		{9C143F1A-4618-4271-A8E9-6952683E8AFB}.DebugGame Editor|Win64.ActiveCfg = BuiltWithUnrealBuildTool|Win32
		{9C143F1A-4618-4271-A8E9-6952683E8AFB}.DebugGame|Win32.ActiveCfg = BuiltWithUnrealBuildTool|Win32
		{9C143F1A-4618-4271-A8E9-6952683E8AFB}.DebugGame|Win64.ActiveCfg = BuiltWithUnrealBuildTool|Win32
		{9C143F1A-4618-4271-A8E9-6952683E8AFB}.Development Editor|Win32.ActiveCfg = BuiltWithUnrealBuildTool|Win32
		{9C143F1A-4618-4271-A8E9-6952683E8AFB}.Development Editor|Win64.ActiveCfg = BuiltWithUnrealBuildTool|Win32
		{9C143F1A-4618-4271-A8E9-6952683E8AFB}.Development|Win32.ActiveCfg = BuiltWithUnrealBuildTool|Win32
		{9C143F1A-4618-4271-A8E9-6952683E8AFB}.Development|Win64.ActiveCfg = BuiltWithUnrealBuildTool|Win32
		{9C143F1A-4618-4271-A8E9-6952683E8AFB}.Shipping|Win32.ActiveCfg = BuiltWithUnrealBuildTool|Win32
		{9C143F1A-4618-4271-A8E9-6952683E8AFB}.Shipping|Win64.ActiveCfg = BuiltWithUnrealBuildTool|Win32
		{81B8AE6C-7F8C-4090-92B8-1F1BBA5D45D7}.DebugGame Editor|Win32.ActiveCfg = Invalid|Win32
		{81B8AE6C-7F8C-4090-92B8-1F1BBA5D45D7}.DebugGame Editor|Win64.ActiveCfg = DebugGame_Editor|x64
		{81B8AE6C-7F8C-4090-92B8-1F1BBA5D45D7}.DebugGame Editor|Win64.Build.0 = DebugGame_Editor|x64
		{81B8AE6C-7F8C-4090-92B8-1F1BBA5D45D7}.DebugGame|Win32.ActiveCfg = DebugGame|Win32
		{81B8AE6C-7F8C-4090-92B8-1F1BBA5D45D7}.DebugGame|Win32.Build.0 = DebugGame|Win32
		{81B8AE6C-7F8C-4090-92B8-1F1BBA5D45D7}.DebugGame|Win64.ActiveCfg = DebugGame|x64
		{81B8AE6C-7F8C-4090-92B8-1F1BBA5D45D7}.DebugGame|Win64.Build.0 = DebugGame|x64
		{81B8AE6C-7F8C-4090-92B8-1F1BBA5D45D7}.Development Editor|Win32.ActiveCfg = Invalid|Win32
		{81B8AE6C-7F8C-4090-92B8-1F1BBA5D45D7}.Development Editor|Win64.ActiveCfg = Development_Editor|x64
		{81B8AE6C-7F8C-4090-92B8-1F1BBA5D45D7}.Development Editor|Win64.Build.0 = Development_Editor|x64
		{81B8AE6C-7F8C-4090-92B8-1F1BBA5D45D7}.Development|Win32.ActiveCfg = Development|Win32
		{81B8AE6C-7F8C-4090-92B8-1F1BBA5D45D7}.Development|Win32.Build.0 = Development|Win32
		{81B8AE6C-7F8C-4090-92B8-1F1BBA5D45D7}.Development|Win64.ActiveCfg = Development|x64
		{81B8AE6C-7F8C-4090-92B8-1F1BBA5D45D7}.Development|Win64.Build.0 = Development|x64
		{81B8AE6C-7F8C-4090-92B8-1F1BBA5D45D7}.Shipping|Win32.ActiveCfg = Shipping|Win32
		{81B8AE6C-7F8C-4090-92B8-1F1BBA5D45D7}.Shipping|Win32.Build.0 = Shipping|Win32
		{81B8AE6C-7F8C-4090-92B8-1F1BBA5D45D7}.Shipping|Win64.ActiveCfg = Shipping|x64
		{81B8AE6C-7F8C-4090-92B8-1F1BBA5D45D7}.Shipping|Win64.Build.0 = Shipping|x64
	EndGlobalSection
	GlobalSection(SolutionProperties) = preSolution
		HideSolutionNode = FALSE
	EndGlobalSection
	GlobalSection(NestedProjects) = preSolution
		{9C143F1A-4618-4271-A8E9-6952683E8AFB} = {C5E8D114-DB59-45EA-B633-ED8E47DD05CC}
		{81B8AE6C-7F8C-4090-92B8-1F1BBA5D45D7} = {260309DF-C864-43D1-84AF-2EF6E1C0BB69}
	EndGlobalSection
EndGlobal
